// !$*UTF8*$!
{
	archiveVersion = 1;
	classes = {
	};
	objectVersion = 48;
	objects = {

/* Begin PBXBuildFile section */
		B6FFB4E6203D97EA00B75BCF /* AppDelegate.swift in Sources */ = {isa = PBXBuildFile; fileRef = B6FFB4E5203D97EA00B75BCF /* AppDelegate.swift */; };
		B6FFB4E8203D97EA00B75BCF /* ViewController.swift in Sources */ = {isa = PBXBuildFile; fileRef = B6FFB4E7203D97EA00B75BCF /* ViewController.swift */; };
		B6FFB4EB203D97EA00B75BCF /* Main.storyboard in Resources */ = {isa = PBXBuildFile; fileRef = B6FFB4E9203D97EA00B75BCF /* Main.storyboard */; };
		B6FFB4ED203D97EA00B75BCF /* Assets.xcassets in Resources */ = {isa = PBXBuildFile; fileRef = B6FFB4EC203D97EA00B75BCF /* Assets.xcassets */; };
		B6FFB4F0203D97EA00B75BCF /* LaunchScreen.storyboard in Resources */ = {isa = PBXBuildFile; fileRef = B6FFB4EE203D97EA00B75BCF /* LaunchScreen.storyboard */; };
		B6FFB4FB203D97EA00B75BCF /* SecondRepositryTestTests.swift in Sources */ = {isa = PBXBuildFile; fileRef = B6FFB4FA203D97EA00B75BCF /* SecondRepositryTestTests.swift */; };
		B6FFB506203D97EA00B75BCF /* SecondRepositryTestUITests.swift in Sources */ = {isa = PBXBuildFile; fileRef = B6FFB505203D97EA00B75BCF /* SecondRepositryTestUITests.swift */; };
/* End PBXBuildFile section */

/* Begin PBXContainerItemProxy section */
		B6FFB4F7203D97EA00B75BCF /* PBXContainerItemProxy */ = {
			isa = PBXContainerItemProxy;
			containerPortal = B6FFB4DA203D97EA00B75BCF /* Project object */;
			proxyType = 1;
			remoteGlobalIDString = B6FFB4E1203D97EA00B75BCF;
			remoteInfo = SecondRepositryTest;
		};
		B6FFB502203D97EA00B75BCF /* PBXContainerItemProxy */ = {
			isa = PBXContainerItemProxy;
			containerPortal = B6FFB4DA203D97EA00B75BCF /* Project object */;
			proxyType = 1;
			remoteGlobalIDString = B6FFB4E1203D97EA00B75BCF;
			remoteInfo = SecondRepositryTest;
		};
/* End PBXContainerItemProxy section */

/* Begin PBXFileReference section */
		B6FFB4E2203D97EA00B75BCF /* SecondRepositryTest.app */ = {isa = PBXFileReference; explicitFileType = wrapper.application; includeInIndex = 0; path = SecondRepositryTest.app; sourceTree = BUILT_PRODUCTS_DIR; };
		B6FFB4E5203D97EA00B75BCF /* AppDelegate.swift */ = {isa = PBXFileReference; lastKnownFileType = sourcecode.swift; path = AppDelegate.swift; sourceTree = "<group>"; };
		B6FFB4E7203D97EA00B75BCF /* ViewController.swift */ = {isa = PBXFileReference; lastKnownFileType = sourcecode.swift; path = ViewController.swift; sourceTree = "<group>"; };
		B6FFB4EA203D97EA00B75BCF /* Base */ = {isa = PBXFileReference; lastKnownFileType = file.storyboard; name = Base; path = Base.lproj/Main.storyboard; sourceTree = "<group>"; };
		B6FFB4EC203D97EA00B75BCF /* Assets.xcassets */ = {isa = PBXFileReference; lastKnownFileType = folder.assetcatalog; path = Assets.xcassets; sourceTree = "<group>"; };
		B6FFB4EF203D97EA00B75BCF /* Base */ = {isa = PBXFileReference; lastKnownFileType = file.storyboard; name = Base; path = Base.lproj/LaunchScreen.storyboard; sourceTree = "<group>"; };
		B6FFB4F1203D97EA00B75BCF /* Info.plist */ = {isa = PBXFileReference; lastKnownFileType = text.plist.xml; path = Info.plist; sourceTree = "<group>"; };
		B6FFB4F6203D97EA00B75BCF /* SecondRepositryTestTests.xctest */ = {isa = PBXFileReference; explicitFileType = wrapper.cfbundle; includeInIndex = 0; path = SecondRepositryTestTests.xctest; sourceTree = BUILT_PRODUCTS_DIR; };
		B6FFB4FA203D97EA00B75BCF /* SecondRepositryTestTests.swift */ = {isa = PBXFileReference; lastKnownFileType = sourcecode.swift; path = SecondRepositryTestTests.swift; sourceTree = "<group>"; };
		B6FFB4FC203D97EA00B75BCF /* Info.plist */ = {isa = PBXFileReference; lastKnownFileType = text.plist.xml; path = Info.plist; sourceTree = "<group>"; };
		B6FFB501203D97EA00B75BCF /* SecondRepositryTestUITests.xctest */ = {isa = PBXFileReference; explicitFileType = wrapper.cfbundle; includeInIndex = 0; path = SecondRepositryTestUITests.xctest; sourceTree = BUILT_PRODUCTS_DIR; };
		B6FFB505203D97EA00B75BCF /* SecondRepositryTestUITests.swift */ = {isa = PBXFileReference; lastKnownFileType = sourcecode.swift; path = SecondRepositryTestUITests.swift; sourceTree = "<group>"; };
		B6FFB507203D97EA00B75BCF /* Info.plist */ = {isa = PBXFileReference; lastKnownFileType = text.plist.xml; path = Info.plist; sourceTree = "<group>"; };
/* End PBXFileReference section */

/* Begin PBXFrameworksBuildPhase section */
		B6FFB4DF203D97EA00B75BCF /* Frameworks */ = {
			isa = PBXFrameworksBuildPhase;
			buildActionMask = 2147483647;
			files = (
			);
			runOnlyForDeploymentPostprocessing = 0;
		};
		B6FFB4F3203D97EA00B75BCF /* Frameworks */ = {
			isa = PBXFrameworksBuildPhase;
			buildActionMask = 2147483647;
			files = (
			);
			runOnlyForDeploymentPostprocessing = 0;
		};
		B6FFB4FE203D97EA00B75BCF /* Frameworks */ = {
			isa = PBXFrameworksBuildPhase;
			buildActionMask = 2147483647;
			files = (
			);
			runOnlyForDeploymentPostprocessing = 0;
		};
/* End PBXFrameworksBuildPhase section */

/* Begin PBXGroup section */
		B6FFB4D9203D97EA00B75BCF = {
			isa = PBXGroup;
			children = (
				B6FFB4E4203D97EA00B75BCF /* SecondRepositryTest */,
				B6FFB4F9203D97EA00B75BCF /* SecondRepositryTestTests */,
				B6FFB504203D97EA00B75BCF /* SecondRepositryTestUITests */,
				B6FFB4E3203D97EA00B75BCF /* Products */,
			);
			sourceTree = "<group>";
		};
		B6FFB4E3203D97EA00B75BCF /* Products */ = {
			isa = PBXGroup;
			children = (
				B6FFB4E2203D97EA00B75BCF /* SecondRepositryTest.app */,
				B6FFB4F6203D97EA00B75BCF /* SecondRepositryTestTests.xctest */,
				B6FFB501203D97EA00B75BCF /* SecondRepositryTestUITests.xctest */,
			);
			name = Products;
			sourceTree = "<group>";
		};
		B6FFB4E4203D97EA00B75BCF /* SecondRepositryTest */ = {
			isa = PBXGroup;
			children = (
				B6FFB4E5203D97EA00B75BCF /* AppDelegate.swift */,
				B6FFB4E7203D97EA00B75BCF /* ViewController.swift */,
				B6FFB4E9203D97EA00B75BCF /* Main.storyboard */,
				B6FFB4EC203D97EA00B75BCF /* Assets.xcassets */,
				B6FFB4EE203D97EA00B75BCF /* LaunchScreen.storyboard */,
				B6FFB4F1203D97EA00B75BCF /* Info.plist */,
			);
			path = SecondRepositryTest;
			sourceTree = "<group>";
		};
		B6FFB4F9203D97EA00B75BCF /* SecondRepositryTestTests */ = {
			isa = PBXGroup;
			children = (
				B6FFB4FA203D97EA00B75BCF /* SecondRepositryTestTests.swift */,
				B6FFB4FC203D97EA00B75BCF /* Info.plist */,
			);
			path = SecondRepositryTestTests;
			sourceTree = "<group>";
		};
		B6FFB504203D97EA00B75BCF /* SecondRepositryTestUITests */ = {
			isa = PBXGroup;
			children = (
				B6FFB505203D97EA00B75BCF /* SecondRepositryTestUITests.swift */,
				B6FFB507203D97EA00B75BCF /* Info.plist */,
			);
			path = SecondRepositryTestUITests;
			sourceTree = "<group>";
		};
/* End PBXGroup section */

/* Begin PBXNativeTarget section */
		B6FFB4E1203D97EA00B75BCF /* SecondRepositryTest */ = {
			isa = PBXNativeTarget;
			buildConfigurationList = B6FFB50A203D97EA00B75BCF /* Build configuration list for PBXNativeTarget "SecondRepositryTest" */;
			buildPhases = (
				B6FFB4DE203D97EA00B75BCF /* Sources */,
				B6FFB4DF203D97EA00B75BCF /* Frameworks */,
				B6FFB4E0203D97EA00B75BCF /* Resources */,
			);
			buildRules = (
			);
			dependencies = (
			);
			name = SecondRepositryTest;
			productName = SecondRepositryTest;
			productReference = B6FFB4E2203D97EA00B75BCF /* SecondRepositryTest.app */;
			productType = "com.apple.product-type.application";
		};
		B6FFB4F5203D97EA00B75BCF /* SecondRepositryTestTests */ = {
			isa = PBXNativeTarget;
			buildConfigurationList = B6FFB50D203D97EA00B75BCF /* Build configuration list for PBXNativeTarget "SecondRepositryTestTests" */;
			buildPhases = (
				B6FFB4F2203D97EA00B75BCF /* Sources */,
				B6FFB4F3203D97EA00B75BCF /* Frameworks */,
				B6FFB4F4203D97EA00B75BCF /* Resources */,
			);
			buildRules = (
			);
			dependencies = (
				B6FFB4F8203D97EA00B75BCF /* PBXTargetDependency */,
			);
			name = SecondRepositryTestTests;
			productName = SecondRepositryTestTests;
			productReference = B6FFB4F6203D97EA00B75BCF /* SecondRepositryTestTests.xctest */;
			productType = "com.apple.product-type.bundle.unit-test";
		};
		B6FFB500203D97EA00B75BCF /* SecondRepositryTestUITests */ = {
			isa = PBXNativeTarget;
			buildConfigurationList = B6FFB510203D97EA00B75BCF /* Build configuration list for PBXNativeTarget "SecondRepositryTestUITests" */;
			buildPhases = (
				B6FFB4FD203D97EA00B75BCF /* Sources */,
				B6FFB4FE203D97EA00B75BCF /* Frameworks */,
				B6FFB4FF203D97EA00B75BCF /* Resources */,
			);
			buildRules = (
			);
			dependencies = (
				B6FFB503203D97EA00B75BCF /* PBXTargetDependency */,
			);
			name = SecondRepositryTestUITests;
			productName = SecondRepositryTestUITests;
			productReference = B6FFB501203D97EA00B75BCF /* SecondRepositryTestUITests.xctest */;
			productType = "com.apple.product-type.bundle.ui-testing";
		};
/* End PBXNativeTarget section */

/* Begin PBXProject section */
		B6FFB4DA203D97EA00B75BCF /* Project object */ = {
			isa = PBXProject;
			attributes = {
				LastSwiftUpdateCheck = 0920;
				LastUpgradeCheck = 0920;
				ORGANIZATIONNAME = "Muhammad Luqman";
				TargetAttributes = {
					B6FFB4E1203D97EA00B75BCF = {
						CreatedOnToolsVersion = 9.2;
						ProvisioningStyle = Automatic;
					};
					B6FFB4F5203D97EA00B75BCF = {
						CreatedOnToolsVersion = 9.2;
						ProvisioningStyle = Automatic;
						TestTargetID = B6FFB4E1203D97EA00B75BCF;
					};
					B6FFB500203D97EA00B75BCF = {
						CreatedOnToolsVersion = 9.2;
						ProvisioningStyle = Automatic;
						TestTargetID = B6FFB4E1203D97EA00B75BCF;
					};
				};
			};
			buildConfigurationList = B6FFB4DD203D97EA00B75BCF /* Build configuration list for PBXProject "SecondRepositryTest" */;
			compatibilityVersion = "Xcode 8.0";
			developmentRegion = en;
			hasScannedForEncodings = 0;
			knownRegions = (
				en,
				Base,
			);
			mainGroup = B6FFB4D9203D97EA00B75BCF;
			productRefGroup = B6FFB4E3203D97EA00B75BCF /* Products */;
			projectDirPath = "";
			projectRoot = "";
			targets = (
				B6FFB4E1203D97EA00B75BCF /* SecondRepositryTest */,
				B6FFB4F5203D97EA00B75BCF /* SecondRepositryTestTests */,
				B6FFB500203D97EA00B75BCF /* SecondRepositryTestUITests */,
			);
		};
/* End PBXProject section */

/* Begin PBXResourcesBuildPhase section */
		B6FFB4E0203D97EA00B75BCF /* Resources */ = {
			isa = PBXResourcesBuildPhase;
			buildActionMask = 2147483647;
			files = (
				B6FFB4F0203D97EA00B75BCF /* LaunchScreen.storyboard in Resources */,
				B6FFB4ED203D97EA00B75BCF /* Assets.xcassets in Resources */,
				B6FFB4EB203D97EA00B75BCF /* Main.storyboard in Resources */,
			);
			runOnlyForDeploymentPostprocessing = 0;
		};
		B6FFB4F4203D97EA00B75BCF /* Resources */ = {
			isa = PBXResourcesBuildPhase;
			buildActionMask = 2147483647;
			files = (
			);
			runOnlyForDeploymentPostprocessing = 0;
		};
		B6FFB4FF203D97EA00B75BCF /* Resources */ = {
			isa = PBXResourcesBuildPhase;
			buildActionMask = 2147483647;
			files = (
			);
			runOnlyForDeploymentPostprocessing = 0;
		};
/* End PBXResourcesBuildPhase section */

/* Begin PBXSourcesBuildPhase section */
		B6FFB4DE203D97EA00B75BCF /* Sources */ = {
			isa = PBXSourcesBuildPhase;
			buildActionMask = 2147483647;
			files = (
				B6FFB4E8203D97EA00B75BCF /* ViewController.swift in Sources */,
				B6FFB4E6203D97EA00B75BCF /* AppDelegate.swift in Sources */,
			);
			runOnlyForDeploymentPostprocessing = 0;
		};
		B6FFB4F2203D97EA00B75BCF /* Sources */ = {
			isa = PBXSourcesBuildPhase;
			buildActionMask = 2147483647;
			files = (
				B6FFB4FB203D97EA00B75BCF /* SecondRepositryTestTests.swift in Sources */,
			);
			runOnlyForDeploymentPostprocessing = 0;
		};
		B6FFB4FD203D97EA00B75BCF /* Sources */ = {
			isa = PBXSourcesBuildPhase;
			buildActionMask = 2147483647;
			files = (
				B6FFB506203D97EA00B75BCF /* SecondRepositryTestUITests.swift in Sources */,
			);
			runOnlyForDeploymentPostprocessing = 0;
		};
/* End PBXSourcesBuildPhase section */

/* Begin PBXTargetDependency section */
		B6FFB4F8203D97EA00B75BCF /* PBXTargetDependency */ = {
			isa = PBXTargetDependency;
			target = B6FFB4E1203D97EA00B75BCF /* SecondRepositryTest */;
			targetProxy = B6FFB4F7203D97EA00B75BCF /* PBXContainerItemProxy */;
		};
		B6FFB503203D97EA00B75BCF /* PBXTargetDependency */ = {
			isa = PBXTargetDependency;
			target = B6FFB4E1203D97EA00B75BCF /* SecondRepositryTest */;
			targetProxy = B6FFB502203D97EA00B75BCF /* PBXContainerItemProxy */;
		};
/* End PBXTargetDependency section */

/* Begin PBXVariantGroup section */
		B6FFB4E9203D97EA00B75BCF /* Main.storyboard */ = {
			isa = PBXVariantGroup;
			children = (
				B6FFB4EA203D97EA00B75BCF /* Base */,
			);
			name = Main.storyboard;
			sourceTree = "<group>";
		};
		B6FFB4EE203D97EA00B75BCF /* LaunchScreen.storyboard */ = {
			isa = PBXVariantGroup;
			children = (
				B6FFB4EF203D97EA00B75BCF /* Base */,
			);
			name = LaunchScreen.storyboard;
			sourceTree = "<group>";
		};
/* End PBXVariantGroup section */

/* Begin XCBuildConfiguration section */
		B6FFB508203D97EA00B75BCF /* Debug */ = {
			isa = XCBuildConfiguration;
			buildSettings = {
				ALWAYS_SEARCH_USER_PATHS = NO;
				CLANG_ANALYZER_NONNULL = YES;
				CLANG_ANALYZER_NUMBER_OBJECT_CONVERSION = YES_AGGRESSIVE;
				CLANG_CXX_LANGUAGE_STANDARD = "gnu++14";
				CLANG_CXX_LIBRARY = "libc++";
				CLANG_ENABLE_MODULES = YES;
				CLANG_ENABLE_OBJC_ARC = YES;
				CLANG_WARN_BLOCK_CAPTURE_AUTORELEASING = YES;
				CLANG_WARN_BOOL_CONVERSION = YES;
				CLANG_WARN_COMMA = YES;
				CLANG_WARN_CONSTANT_CONVERSION = YES;
				CLANG_WARN_DIRECT_OBJC_ISA_USAGE = YES_ERROR;
				CLANG_WARN_DOCUMENTATION_COMMENTS = YES;
				CLANG_WARN_EMPTY_BODY = YES;
				CLANG_WARN_ENUM_CONVERSION = YES;
				CLANG_WARN_INFINITE_RECURSION = YES;
				CLANG_WARN_INT_CONVERSION = YES;
				CLANG_WARN_NON_LITERAL_NULL_CONVERSION = YES;
				CLANG_WARN_OBJC_LITERAL_CONVERSION = YES;
				CLANG_WARN_OBJC_ROOT_CLASS = YES_ERROR;
				CLANG_WARN_RANGE_LOOP_ANALYSIS = YES;
				CLANG_WARN_STRICT_PROTOTYPES = YES;
				CLANG_WARN_SUSPICIOUS_MOVE = YES;
				CLANG_WARN_UNGUARDED_AVAILABILITY = YES_AGGRESSIVE;
				CLANG_WARN_UNREACHABLE_CODE = YES;
				CLANG_WARN__DUPLICATE_METHOD_MATCH = YES;
				CODE_SIGN_IDENTITY = "iPhone Developer";
				COPY_PHASE_STRIP = NO;
				DEBUG_INFORMATION_FORMAT = dwarf;
				ENABLE_STRICT_OBJC_MSGSEND = YES;
				ENABLE_TESTABILITY = YES;
				GCC_C_LANGUAGE_STANDARD = gnu11;
				GCC_DYNAMIC_NO_PIC = NO;
				GCC_NO_COMMON_BLOCKS = YES;
				GCC_OPTIMIZATION_LEVEL = 0;
				GCC_PREPROCESSOR_DEFINITIONS = (
					"DEBUG=1",
					"$(inherited)",
				);
				GCC_WARN_64_TO_32_BIT_CONVERSION = YES;
				GCC_WARN_ABOUT_RETURN_TYPE = YES_ERROR;
				GCC_WARN_UNDECLARED_SELECTOR = YES;
				GCC_WARN_UNINITIALIZED_AUTOS = YES_AGGRESSIVE;
				GCC_WARN_UNUSED_FUNCTION = YES;
				GCC_WARN_UNUSED_VARIABLE = YES;
				IPHONEOS_DEPLOYMENT_TARGET = 11.2;
				MTL_ENABLE_DEBUG_INFO = YES;
				ONLY_ACTIVE_ARCH = YES;
				SDKROOT = iphoneos;
				SWIFT_ACTIVE_COMPILATION_CONDITIONS = DEBUG;
				SWIFT_OPTIMIZATION_LEVEL = "-Onone";
			};
			name = Debug;
		};
		B6FFB509203D97EA00B75BCF /* Release */ = {
			isa = XCBuildConfiguration;
			buildSettings = {
				ALWAYS_SEARCH_USER_PATHS = NO;
				CLANG_ANALYZER_NONNULL = YES;
				CLANG_ANALYZER_NUMBER_OBJECT_CONVERSION = YES_AGGRESSIVE;
				CLANG_CXX_LANGUAGE_STANDARD = "gnu++14";
				CLANG_CXX_LIBRARY = "libc++";
				CLANG_ENABLE_MODULES = YES;
				CLANG_ENABLE_OBJC_ARC = YES;
				CLANG_WARN_BLOCK_CAPTURE_AUTORELEASING = YES;
				CLANG_WARN_BOOL_CONVERSION = YES;
				CLANG_WARN_COMMA = YES;
				CLANG_WARN_CONSTANT_CONVERSION = YES;
				CLANG_WARN_DIRECT_OBJC_ISA_USAGE = YES_ERROR;
				CLANG_WARN_DOCUMENTATION_COMMENTS = YES;
				CLANG_WARN_EMPTY_BODY = YES;
				CLANG_WARN_ENUM_CONVERSION = YES;
				CLANG_WARN_INFINITE_RECURSION = YES;
				CLANG_WARN_INT_CONVERSION = YES;
				CLANG_WARN_NON_LITERAL_NULL_CONVERSION = YES;
				CLANG_WARN_OBJC_LITERAL_CONVERSION = YES;
				CLANG_WARN_OBJC_ROOT_CLASS = YES_ERROR;
				CLANG_WARN_RANGE_LOOP_ANALYSIS = YES;
				CLANG_WARN_STRICT_PROTOTYPES = YES;
				CLANG_WARN_SUSPICIOUS_MOVE = YES;
				CLANG_WARN_UNGUARDED_AVAILABILITY = YES_AGGRESSIVE;
				CLANG_WARN_UNREACHABLE_CODE = YES;
				CLANG_WARN__DUPLICATE_METHOD_MATCH = YES;
				CODE_SIGN_IDENTITY = "iPhone Developer";
				COPY_PHASE_STRIP = NO;
				DEBUG_INFORMATION_FORMAT = "dwarf-with-dsym";
				ENABLE_NS_ASSERTIONS = NO;
				ENABLE_STRICT_OBJC_MSGSEND = YES;
				GCC_C_LANGUAGE_STANDARD = gnu11;
				GCC_NO_COMMON_BLOCKS = YES;
				GCC_WARN_64_TO_32_BIT_CONVERSION = YES;
				GCC_WARN_ABOUT_RETURN_TYPE = YES_ERROR;
				GCC_WARN_UNDECLARED_SELECTOR = YES;
				GCC_WARN_UNINITIALIZED_AUTOS = YES_AGGRESSIVE;
				GCC_WARN_UNUSED_FUNCTION = YES;
				GCC_WARN_UNUSED_VARIABLE = YES;
				IPHONEOS_DEPLOYMENT_TARGET = 11.2;
				MTL_ENABLE_DEBUG_INFO = NO;
				SDKROOT = iphoneos;
				SWIFT_OPTIMIZATION_LEVEL = "-Owholemodule";
				VALIDATE_PRODUCT = YES;
			};
			name = Release;
		};
		B6FFB50B203D97EA00B75BCF /* Debug */ = {
			isa = XCBuildConfiguration;
			buildSettings = {
				ASSETCATALOG_COMPILER_APPICON_NAME = AppIcon;
				CODE_SIGN_STYLE = Automatic;
				INFOPLIST_FILE = SecondRepositryTest/Info.plist;
				LD_RUNPATH_SEARCH_PATHS = "$(inherited) @executable_path/Frameworks";
				PRODUCT_BUNDLE_IDENTIFIER = technosoft.SecondRepositryTest;
				PRODUCT_NAME = "$(TARGET_NAME)";
				SWIFT_VERSION = 4.0;
				TARGETED_DEVICE_FAMILY = "1,2";
			};
			name = Debug;
		};
		B6FFB50C203D97EA00B75BCF /* Release */ = {
			isa = XCBuildConfiguration;
			buildSettings = {
				ASSETCATALOG_COMPILER_APPICON_NAME = AppIcon;
				CODE_SIGN_STYLE = Automatic;
				INFOPLIST_FILE = SecondRepositryTest/Info.plist;
				LD_RUNPATH_SEARCH_PATHS = "$(inherited) @executable_path/Frameworks";
				PRODUCT_BUNDLE_IDENTIFIER = technosoft.SecondRepositryTest;
				PRODUCT_NAME = "$(TARGET_NAME)";
				SWIFT_VERSION = 4.0;
				TARGETED_DEVICE_FAMILY = "1,2";
			};
			name = Release;
		};
		B6FFB50E203D97EA00B75BCF /* Debug */ = {
			isa = XCBuildConfiguration;
			buildSettings = {
				ALWAYS_EMBED_SWIFT_STANDARD_LIBRARIES = YES;
				BUNDLE_LOADER = "$(TEST_HOST)";
				CODE_SIGN_STYLE = Automatic;
				INFOPLIST_FILE = SecondRepositryTestTests/Info.plist;
				LD_RUNPATH_SEARCH_PATHS = "$(inherited) @executable_path/Frameworks @loader_path/Frameworks";
				PRODUCT_BUNDLE_IDENTIFIER = technosoft.SecondRepositryTestTests;
				PRODUCT_NAME = "$(TARGET_NAME)";
				SWIFT_VERSION = 4.0;
				TARGETED_DEVICE_FAMILY = "1,2";
				TEST_HOST = "$(BUILT_PRODUCTS_DIR)/SecondRepositryTest.app/SecondRepositryTest";
			};
			name = Debug;
		};
		B6FFB50F203D97EA00B75BCF /* Release */ = {
			isa = XCBuildConfiguration;
			buildSettings = {
				ALWAYS_EMBED_SWIFT_STANDARD_LIBRARIES = YES;
				BUNDLE_LOADER = "$(TEST_HOST)";
				CODE_SIGN_STYLE = Automatic;
				INFOPLIST_FILE = SecondRepositryTestTests/Info.plist;
				LD_RUNPATH_SEARCH_PATHS = "$(inherited) @executable_path/Frameworks @loader_path/Frameworks";
				PRODUCT_BUNDLE_IDENTIFIER = technosoft.SecondRepositryTestTests;
				PRODUCT_NAME = "$(TARGET_NAME)";
				SWIFT_VERSION = 4.0;
				TARGETED_DEVICE_FAMILY = "1,2";
				TEST_HOST = "$(BUILT_PRODUCTS_DIR)/SecondRepositryTest.app/SecondRepositryTest";
			};
			name = Release;
		};
		B6FFB511203D97EA00B75BCF /* Debug */ = {
			isa = XCBuildConfiguration;
			buildSettings = {
				ALWAYS_EMBED_SWIFT_STANDARD_LIBRARIES = YES;
				CODE_SIGN_STYLE = Automatic;
				INFOPLIST_FILE = SecondRepositryTestUITests/Info.plist;
				LD_RUNPATH_SEARCH_PATHS = "$(inherited) @executable_path/Frameworks @loader_path/Frameworks";
				PRODUCT_BUNDLE_IDENTIFIER = technosoft.SecondRepositryTestUITests;
				PRODUCT_NAME = "$(TARGET_NAME)";
				SWIFT_VERSION = 4.0;
				TARGETED_DEVICE_FAMILY = "1,2";
				TEST_TARGET_NAME = SecondRepositryTest;
			};
			name = Debug;
		};
		B6FFB512203D97EA00B75BCF /* Release */ = {
			isa = XCBuildConfiguration;
			buildSettings = {
				ALWAYS_EMBED_SWIFT_STANDARD_LIBRARIES = YES;
				CODE_SIGN_STYLE = Automatic;
				INFOPLIST_FILE = SecondRepositryTestUITests/Info.plist;
				LD_RUNPATH_SEARCH_PATHS = "$(inherited) @executable_path/Frameworks @loader_path/Frameworks";
				PRODUCT_BUNDLE_IDENTIFIER = technosoft.SecondRepositryTestUITests;
				PRODUCT_NAME = "$(TARGET_NAME)";
				SWIFT_VERSION = 4.0;
				TARGETED_DEVICE_FAMILY = "1,2";
				TEST_TARGET_NAME = SecondRepositryTest;
			};
			name = Release;
		};
/* End XCBuildConfiguration section */

/* Begin XCConfigurationList section */
		B6FFB4DD203D97EA00B75BCF /* Build configuration list for PBXProject "SecondRepositryTest" */ = {
			isa = XCConfigurationList;
			buildConfigurations = (
				B6FFB508203D97EA00B75BCF /* Debug */,
				B6FFB509203D97EA00B75BCF /* Release */,
			);
			defaultConfigurationIsVisible = 0;
			defaultConfigurationName = Release;
		};
		B6FFB50A203D97EA00B75BCF /* Build configuration list for PBXNativeTarget "SecondRepositryTest" */ = {
			isa = XCConfigurationList;
			buildConfigurations = (
				B6FFB50B203D97EA00B75BCF /* Debug */,
				B6FFB50C203D97EA00B75BCF /* Release */,
			);
			defaultConfigurationIsVisible = 0;
			defaultConfigurationName = Release;
		};
		B6FFB50D203D97EA00B75BCF /* Build configuration list for PBXNativeTarget "SecondRepositryTestTests" */ = {
			isa = XCConfigurationList;
			buildConfigurations = (
				B6FFB50E203D97EA00B75BCF /* Debug */,
				B6FFB50F203D97EA00B75BCF /* Release */,
			);
			defaultConfigurationIsVisible = 0;
			defaultConfigurationName = Release;
		};
		B6FFB510203D97EA00B75BCF /* Build configuration list for PBXNativeTarget "SecondRepositryTestUITests" */ = {
			isa = XCConfigurationList;
			buildConfigurations = (
				B6FFB511203D97EA00B75BCF /* Debug */,
				B6FFB512203D97EA00B75BCF /* Release */,
			);
			defaultConfigurationIsVisible = 0;
			defaultConfigurationName = Release;
		};
/* End XCConfigurationList section */
	};
	rootObject = B6FFB4DA203D97EA00B75BCF /* Project object */;
}
